Microsoft Visual Studio Solution File, Format Version 12.00
# Visual Studio Version 17
VisualStudioVersion = 17.8.0.0
MinimumVisualStudioVersion = 10.0.40219.1
Project("{9A19103F-16F7-4668-BE54-9A1E7A4F7556}") = "ConsuCare.Shared", "src\ConsuCare.Shared\ConsuCare.Shared.csproj", "{A7E3C9D1-4B2F-4E8A-9C61-0F5D2A8B3C41}"
EndProject
Project("{9A19103F-16F7-4668-BE54-9A1E7A4F7556}") = "ConsuCare.Client", "src\ConsuCare.Client\ConsuCare.Client.csproj", "{B8F4DAE2-5C30-4F9B-AD72-1A6E3B9C4D52}"
EndProject
Project("{9A19103F-16F7-4668-BE54-9A1E7A4F7556}") = "ConsuCare.Api", "src\ConsuCare.Api\ConsuCare.Api.csproj", "{C9A5EBF3-6D41-4A0C-BE83-2B7F4CAD5E63}"
EndProject
Project("{2150E333-8FDC-42A3-9474-1A3956D46DE8}") = "tests", "tests", "{35731E4A-ED7C-411A-880C-CCEB8CE27297}"
EndProject
Project("{FAE04EC0-301F-11D3-BF4B-00C04F79EFBC}") = "ConsuCare.Api.Tests", "tests\ConsuCare.Api.Tests\ConsuCare.Api.Tests.csproj", "{7A573E26-A4A1-41DD-8DC0-29D6AC50AA14}"
EndProject
Global
	GlobalSection(SolutionConfigurationPlatforms) = preSolution
		Debug|Any CPU = Debug|Any CPU
		Release|Any CPU = Release|Any CPU
	EndGlobalSection
	GlobalSection(ProjectConfigurationPlatforms) = postSolution
		{A7E3C9D1-4B2F-4E8A-9C61-0F5D2A8B3C41}.Debug|Any CPU.ActiveCfg = Debug|Any CPU
		{A7E3C9D1-4B2F-4E8A-9C61-0F5D2A8B3C41}.Debug|Any CPU.Build.0 = Debug|Any CPU
		{A7E3C9D1-4B2F-4E8A-9C61-0F5D2A8B3C41}.Release|Any CPU.ActiveCfg = Release|Any CPU
		{A7E3C9D1-4B2F-4E8A-9C61-0F5D2A8B3C41}.Release|Any CPU.Build.0 = Release|Any CPU
		{B8F4DAE2-5C30-4F9B-AD72-1A6E3B9C4D52}.Debug|Any CPU.ActiveCfg = Debug|Any CPU
		{B8F4DAE2-5C30-4F9B-AD72-1A6E3B9C4D52}.Debug|Any CPU.Build.0 = Debug|Any CPU
		{B8F4DAE2-5C30-4F9B-AD72-1A6E3B9C4D52}.Release|Any CPU.ActiveCfg = Release|Any CPU
		{B8F4DAE2-5C30-4F9B-AD72-1A6E3B9C4D52}.Release|Any CPU.Build.0 = Release|Any CPU
		{C9A5EBF3-6D41-4A0C-BE83-2B7F4CAD5E63}.Debug|Any CPU.ActiveCfg = Debug|Any CPU
		{C9A5EBF3-6D41-4A0C-BE83-2B7F4CAD5E63}.Debug|Any CPU.Build.0 = Debug|Any CPU
		{C9A5EBF3-6D41-4A0C-BE83-2B7F4CAD5E63}.Release|Any CPU.ActiveCfg = Release|Any CPU
		{C9A5EBF3-6D41-4A0C-BE83-2B7F4CAD5E63}.Release|Any CPU.Build.0 = Release|Any CPU
		{7A573E26-A4A1-41DD-8DC0-29D6AC50AA14}.Debug|Any CPU.ActiveCfg = Debug|Any CPU
		{7A573E26-A4A1-41DD-8DC0-29D6AC50AA14}.Debug|Any CPU.Build.0 = Debug|Any CPU
		{7A573E26-A4A1-41DD-8DC0-29D6AC50AA14}.Release|Any CPU.ActiveCfg = Release|Any CPU
		{7A573E26-A4A1-41DD-8DC0-29D6AC50AA14}.Release|Any CPU.Build.0 = Release|Any CPU
	EndGlobalSection
	GlobalSection(SolutionProperties) = preSolution
		HideSolutionNode = FALSE
	EndGlobalSection
	GlobalSection(NestedProjects) = preSolution
		{7A573E26-A4A1-41DD-8DC0-29D6AC50AA14} = {35731E4A-ED7C-411A-880C-CCEB8CE27297}
	EndGlobalSection
EndGlobal
